{
    "_readme": [
        "This file locks the dependencies of your project to a known state",
        "Read more about it at https://getcomposer.org/doc/01-basic-usage.md#installing-dependencies",
        "This file is @generated automatically"
    ],
    "content-hash": "eb05c704e7fed6718e538c79ac4b82f0",
    "packages": [
        {
            "name": "mcordingley/linearalgebra",
            "version": "2.2.0",
            "source": {
                "type": "git",
                "url": "https://github.com/mcordingley/LinearAlgebra.git",
                "reference": "94c48f37e227ae07c0c5e41d99abd35c34442fdb"
            },
            "dist": {
                "type": "zip",
                "url": "https://api.github.com/repos/mcordingley/LinearAlgebra/zipball/94c48f37e227ae07c0c5e41d99abd35c34442fdb",
                "reference": "94c48f37e227ae07c0c5e41d99abd35c34442fdb",
                "shasum": ""
            },
            "require": {
                "php": "^7.0.0"
            },
            "require-dev": {
                "codeclimate/php-test-reporter": "dev-master",
                "phpunit/phpunit": "^5.5.3"
            },
            "type": "library",
            "autoload": {
                "psr-4": {
                    "MCordingley\\LinearAlgebra\\": "src/"
                }
            },
            "notification-url": "https://packagist.org/downloads/",
            "license": [
                "MIT"
            ],
            "authors": [
                {
                    "name": "Michael Cordingley",
                    "email": "Michael.Cordingley@gmail.com"
                }
            ],
            "description": "Matrix math for PHP.",
            "keywords": [
                "linear-algebra",
                "matrix"
            ],
            "time": "2017-08-23T18:59:16+00:00"
        }
    ],
    "packages-dev": [],
    "aliases": [],
    "minimum-stability": "stable",
    "stability-flags": [],
    "prefer-stable": false,
    "prefer-lowest": false,
    "platform": [],
    "platform-dev": []
}
